
Microsoft Visual Studio Solution File, Format Version 12.00
# Visual Studio 14
Project("{8BC9CEB8-8B4A-11D0-8D11-00A0C91BC942}") = "ALL_BUILD", "ALL_BUILD.vcxproj", "{CEF64094-8451-3FAD-AD4A-F758218AA306}"
	ProjectSection(ProjectDependencies) = postProject
		{37A40031-60B3-3542-A9F5-2F59CBAAA804} = {37A40031-60B3-3542-A9F5-2F59CBAAA804}
		{38A67C46-1752-3C59-909F-995FA550E951} = {38A67C46-1752-3C59-909F-995FA550E951}
		{9C08BD38-37F4-392D-8740-7AB73B67516A} = {9C08BD38-37F4-392D-8740-7AB73B67516A}
	EndProjectSection
EndProject
Project("{8BC9CEB8-8B4A-11D0-8D11-00A0C91BC942}") = "INSTALL", "INSTALL.vcxproj", "{9C8D5E2B-A32F-3EB1-83EB-6B7813EFF42E}"
	ProjectSection(ProjectDependencies) = postProject
		{CEF64094-8451-3FAD-AD4A-F758218AA306} = {CEF64094-8451-3FAD-AD4A-F758218AA306}
		{9C08BD38-37F4-392D-8740-7AB73B67516A} = {9C08BD38-37F4-392D-8740-7AB73B67516A}
	EndProjectSection
EndProject
Project("{8BC9CEB8-8B4A-11D0-8D11-00A0C91BC942}") = "NAO", "NAO.vcxproj", "{37A40031-60B3-3542-A9F5-2F59CBAAA804}"
	ProjectSection(ProjectDependencies) = postProject
		{9C08BD38-37F4-392D-8740-7AB73B67516A} = {9C08BD38-37F4-392D-8740-7AB73B67516A}
	EndProjectSection
EndProject
Project("{8BC9CEB8-8B4A-11D0-8D11-00A0C91BC942}") = "NaoCmakeBroker", "NaoCmakeBroker.vcxproj", "{38A67C46-1752-3C59-909F-995FA550E951}"
	ProjectSection(ProjectDependencies) = postProject
		{37A40031-60B3-3542-A9F5-2F59CBAAA804} = {37A40031-60B3-3542-A9F5-2F59CBAAA804}
		{9C08BD38-37F4-392D-8740-7AB73B67516A} = {9C08BD38-37F4-392D-8740-7AB73B67516A}
	EndProjectSection
EndProject
Project("{8BC9CEB8-8B4A-11D0-8D11-00A0C91BC942}") = "ZERO_CHECK", "ZERO_CHECK.vcxproj", "{9C08BD38-37F4-392D-8740-7AB73B67516A}"
	ProjectSection(ProjectDependencies) = postProject
	EndProjectSection
EndProject
Global
	GlobalSection(SolutionConfigurationPlatforms) = preSolution
		Debug|x64 = Debug|x64
		Release|x64 = Release|x64
		MinSizeRel|x64 = MinSizeRel|x64
		RelWithDebInfo|x64 = RelWithDebInfo|x64
	EndGlobalSection
	GlobalSection(ProjectConfigurationPlatforms) = postSolution
		{CEF64094-8451-3FAD-AD4A-F758218AA306}.Debug|x64.ActiveCfg = Debug|x64
		{CEF64094-8451-3FAD-AD4A-F758218AA306}.Debug|x64.Build.0 = Debug|x64
		{CEF64094-8451-3FAD-AD4A-F758218AA306}.Release|x64.ActiveCfg = Release|x64
		{CEF64094-8451-3FAD-AD4A-F758218AA306}.Release|x64.Build.0 = Release|x64
		{CEF64094-8451-3FAD-AD4A-F758218AA306}.MinSizeRel|x64.ActiveCfg = MinSizeRel|x64
		{CEF64094-8451-3FAD-AD4A-F758218AA306}.MinSizeRel|x64.Build.0 = MinSizeRel|x64
		{CEF64094-8451-3FAD-AD4A-F758218AA306}.RelWithDebInfo|x64.ActiveCfg = RelWithDebInfo|x64
		{CEF64094-8451-3FAD-AD4A-F758218AA306}.RelWithDebInfo|x64.Build.0 = RelWithDebInfo|x64
		{9C8D5E2B-A32F-3EB1-83EB-6B7813EFF42E}.Debug|x64.ActiveCfg = Debug|x64
		{9C8D5E2B-A32F-3EB1-83EB-6B7813EFF42E}.Release|x64.ActiveCfg = Release|x64
		{9C8D5E2B-A32F-3EB1-83EB-6B7813EFF42E}.MinSizeRel|x64.ActiveCfg = MinSizeRel|x64
		{9C8D5E2B-A32F-3EB1-83EB-6B7813EFF42E}.RelWithDebInfo|x64.ActiveCfg = RelWithDebInfo|x64
		{37A40031-60B3-3542-A9F5-2F59CBAAA804}.Debug|x64.ActiveCfg = Debug|x64
		{37A40031-60B3-3542-A9F5-2F59CBAAA804}.Debug|x64.Build.0 = Debug|x64
		{37A40031-60B3-3542-A9F5-2F59CBAAA804}.Release|x64.ActiveCfg = Release|x64
		{37A40031-60B3-3542-A9F5-2F59CBAAA804}.Release|x64.Build.0 = Release|x64
		{37A40031-60B3-3542-A9F5-2F59CBAAA804}.MinSizeRel|x64.ActiveCfg = MinSizeRel|x64
		{37A40031-60B3-3542-A9F5-2F59CBAAA804}.MinSizeRel|x64.Build.0 = MinSizeRel|x64
		{37A40031-60B3-3542-A9F5-2F59CBAAA804}.RelWithDebInfo|x64.ActiveCfg = RelWithDebInfo|x64
		{37A40031-60B3-3542-A9F5-2F59CBAAA804}.RelWithDebInfo|x64.Build.0 = RelWithDebInfo|x64
		{38A67C46-1752-3C59-909F-995FA550E951}.Debug|x64.ActiveCfg = Debug|x64
		{38A67C46-1752-3C59-909F-995FA550E951}.Debug|x64.Build.0 = Debug|x64
		{38A67C46-1752-3C59-909F-995FA550E951}.Release|x64.ActiveCfg = Release|x64
		{38A67C46-1752-3C59-909F-995FA550E951}.Release|x64.Build.0 = Release|x64
		{38A67C46-1752-3C59-909F-995FA550E951}.MinSizeRel|x64.ActiveCfg = MinSizeRel|x64
		{38A67C46-1752-3C59-909F-995FA550E951}.MinSizeRel|x64.Build.0 = MinSizeRel|x64
		{38A67C46-1752-3C59-909F-995FA550E951}.RelWithDebInfo|x64.ActiveCfg = RelWithDebInfo|x64
		{38A67C46-1752-3C59-909F-995FA550E951}.RelWithDebInfo|x64.Build.0 = RelWithDebInfo|x64
		{9C08BD38-37F4-392D-8740-7AB73B67516A}.Debug|x64.ActiveCfg = Debug|x64
		{9C08BD38-37F4-392D-8740-7AB73B67516A}.Debug|x64.Build.0 = Debug|x64
		{9C08BD38-37F4-392D-8740-7AB73B67516A}.Release|x64.ActiveCfg = Release|x64
		{9C08BD38-37F4-392D-8740-7AB73B67516A}.Release|x64.Build.0 = Release|x64
		{9C08BD38-37F4-392D-8740-7AB73B67516A}.MinSizeRel|x64.ActiveCfg = MinSizeRel|x64
		{9C08BD38-37F4-392D-8740-7AB73B67516A}.MinSizeRel|x64.Build.0 = MinSizeRel|x64
		{9C08BD38-37F4-392D-8740-7AB73B67516A}.RelWithDebInfo|x64.ActiveCfg = RelWithDebInfo|x64
		{9C08BD38-37F4-392D-8740-7AB73B67516A}.RelWithDebInfo|x64.Build.0 = RelWithDebInfo|x64
	EndGlobalSection
	GlobalSection(ExtensibilityGlobals) = postSolution
		SolutionGuid = {2BF21334-D600-3ADB-AE8A-7DEE2CFF1864}
	EndGlobalSection
	GlobalSection(ExtensibilityAddIns) = postSolution
	EndGlobalSection
EndGlobal
